
Microsoft Visual Studio Solution File, Format Version 12.00
# Visual Studio 15
VisualStudioVersion = 15.0.26124.0
MinimumVisualStudioVersion = 15.0.26124.0
Project("{2150E333-8FDC-42A3-9474-1A3956D46DE8}") = "src", "src", "{8AEA69E8-9CA8-4DB6-8F91-94D3ABB415B5}"
EndProject
Project("{FAE04EC0-301F-11D3-BF4B-00C04F79EFBC}") = "Actio.Api", "src\Actio.Api\Actio.Api.csproj", "{FAC029F1-2B0D-4609-9676-4775925C5121}"
EndProject
Project("{FAE04EC0-301F-11D3-BF4B-00C04F79EFBC}") = "Actio.Common", "src\Actio.Common\Actio.Common.csproj", "{54EA4D3A-D531-479D-B19E-BA506B2D6F40}"
EndProject
Project("{FAE04EC0-301F-11D3-BF4B-00C04F79EFBC}") = "Actio.Services.Identity", "src\Actio.Services.Identity\Actio.Services.Identity.csproj", "{7ECA59E9-D384-42A7-8D2E-6B754D14B834}"
EndProject
Project("{FAE04EC0-301F-11D3-BF4B-00C04F79EFBC}") = "Actio.Services.Activities", "src\Actio.Services.Activities\Actio.Services.Activities.csproj", "{AF5AD540-1061-434F-BCBA-6578798BFC19}"
EndProject
Global
	GlobalSection(SolutionConfigurationPlatforms) = preSolution
		Debug|Any CPU = Debug|Any CPU
		Debug|x64 = Debug|x64
		Debug|x86 = Debug|x86
		Release|Any CPU = Release|Any CPU
		Release|x64 = Release|x64
		Release|x86 = Release|x86
	EndGlobalSection
	GlobalSection(SolutionProperties) = preSolution
		HideSolutionNode = FALSE
	EndGlobalSection
	GlobalSection(ProjectConfigurationPlatforms) = postSolution
		{FAC029F1-2B0D-4609-9676-4775925C5121}.Debug|Any CPU.ActiveCfg = Debug|Any CPU
		{FAC029F1-2B0D-4609-9676-4775925C5121}.Debug|Any CPU.Build.0 = Debug|Any CPU
		{FAC029F1-2B0D-4609-9676-4775925C5121}.Debug|x64.ActiveCfg = Debug|x64
		{FAC029F1-2B0D-4609-9676-4775925C5121}.Debug|x64.Build.0 = Debug|x64
		{FAC029F1-2B0D-4609-9676-4775925C5121}.Debug|x86.ActiveCfg = Debug|x86
		{FAC029F1-2B0D-4609-9676-4775925C5121}.Debug|x86.Build.0 = Debug|x86
		{FAC029F1-2B0D-4609-9676-4775925C5121}.Release|Any CPU.ActiveCfg = Release|Any CPU
		{FAC029F1-2B0D-4609-9676-4775925C5121}.Release|Any CPU.Build.0 = Release|Any CPU
		{FAC029F1-2B0D-4609-9676-4775925C5121}.Release|x64.ActiveCfg = Release|x64
		{FAC029F1-2B0D-4609-9676-4775925C5121}.Release|x64.Build.0 = Release|x64
		{FAC029F1-2B0D-4609-9676-4775925C5121}.Release|x86.ActiveCfg = Release|x86
		{FAC029F1-2B0D-4609-9676-4775925C5121}.Release|x86.Build.0 = Release|x86
		{54EA4D3A-D531-479D-B19E-BA506B2D6F40}.Debug|Any CPU.ActiveCfg = Debug|Any CPU
		{54EA4D3A-D531-479D-B19E-BA506B2D6F40}.Debug|Any CPU.Build.0 = Debug|Any CPU
		{54EA4D3A-D531-479D-B19E-BA506B2D6F40}.Debug|x64.ActiveCfg = Debug|x64
		{54EA4D3A-D531-479D-B19E-BA506B2D6F40}.Debug|x64.Build.0 = Debug|x64
		{54EA4D3A-D531-479D-B19E-BA506B2D6F40}.Debug|x86.ActiveCfg = Debug|x86
		{54EA4D3A-D531-479D-B19E-BA506B2D6F40}.Debug|x86.Build.0 = Debug|x86
		{54EA4D3A-D531-479D-B19E-BA506B2D6F40}.Release|Any CPU.ActiveCfg = Release|Any CPU
		{54EA4D3A-D531-479D-B19E-BA506B2D6F40}.Release|Any CPU.Build.0 = Release|Any CPU
		{54EA4D3A-D531-479D-B19E-BA506B2D6F40}.Release|x64.ActiveCfg = Release|x64
		{54EA4D3A-D531-479D-B19E-BA506B2D6F40}.Release|x64.Build.0 = Release|x64
		{54EA4D3A-D531-479D-B19E-BA506B2D6F40}.Release|x86.ActiveCfg = Release|x86
		{54EA4D3A-D531-479D-B19E-BA506B2D6F40}.Release|x86.Build.0 = Release|x86
		{7ECA59E9-D384-42A7-8D2E-6B754D14B834}.Debug|Any CPU.ActiveCfg = Debug|Any CPU
		{7ECA59E9-D384-42A7-8D2E-6B754D14B834}.Debug|Any CPU.Build.0 = Debug|Any CPU
		{7ECA59E9-D384-42A7-8D2E-6B754D14B834}.Debug|x64.ActiveCfg = Debug|x64
		{7ECA59E9-D384-42A7-8D2E-6B754D14B834}.Debug|x64.Build.0 = Debug|x64
		{7ECA59E9-D384-42A7-8D2E-6B754D14B834}.Debug|x86.ActiveCfg = Debug|x86
		{7ECA59E9-D384-42A7-8D2E-6B754D14B834}.Debug|x86.Build.0 = Debug|x86
		{7ECA59E9-D384-42A7-8D2E-6B754D14B834}.Release|Any CPU.ActiveCfg = Release|Any CPU
		{7ECA59E9-D384-42A7-8D2E-6B754D14B834}.Release|Any CPU.Build.0 = Release|Any CPU
		{7ECA59E9-D384-42A7-8D2E-6B754D14B834}.Release|x64.ActiveCfg = Release|x64
		{7ECA59E9-D384-42A7-8D2E-6B754D14B834}.Release|x64.Build.0 = Release|x64
		{7ECA59E9-D384-42A7-8D2E-6B754D14B834}.Release|x86.ActiveCfg = Release|x86
		{7ECA59E9-D384-42A7-8D2E-6B754D14B834}.Release|x86.Build.0 = Release|x86
		{AF5AD540-1061-434F-BCBA-6578798BFC19}.Debug|Any CPU.ActiveCfg = Debug|Any CPU
		{AF5AD540-1061-434F-BCBA-6578798BFC19}.Debug|Any CPU.Build.0 = Debug|Any CPU
		{AF5AD540-1061-434F-BCBA-6578798BFC19}.Debug|x64.ActiveCfg = Debug|x64
		{AF5AD540-1061-434F-BCBA-6578798BFC19}.Debug|x64.Build.0 = Debug|x64
		{AF5AD540-1061-434F-BCBA-6578798BFC19}.Debug|x86.ActiveCfg = Debug|x86
		{AF5AD540-1061-434F-BCBA-6578798BFC19}.Debug|x86.Build.0 = Debug|x86
		{AF5AD540-1061-434F-BCBA-6578798BFC19}.Release|Any CPU.ActiveCfg = Release|Any CPU
		{AF5AD540-1061-434F-BCBA-6578798BFC19}.Release|Any CPU.Build.0 = Release|Any CPU
		{AF5AD540-1061-434F-BCBA-6578798BFC19}.Release|x64.ActiveCfg = Release|x64
		{AF5AD540-1061-434F-BCBA-6578798BFC19}.Release|x64.Build.0 = Release|x64
		{AF5AD540-1061-434F-BCBA-6578798BFC19}.Release|x86.ActiveCfg = Release|x86
		{AF5AD540-1061-434F-BCBA-6578798BFC19}.Release|x86.Build.0 = Release|x86
	EndGlobalSection
	GlobalSection(NestedProjects) = preSolution
		{FAC029F1-2B0D-4609-9676-4775925C5121} = {8AEA69E8-9CA8-4DB6-8F91-94D3ABB415B5}
		{54EA4D3A-D531-479D-B19E-BA506B2D6F40} = {8AEA69E8-9CA8-4DB6-8F91-94D3ABB415B5}
		{7ECA59E9-D384-42A7-8D2E-6B754D14B834} = {8AEA69E8-9CA8-4DB6-8F91-94D3ABB415B5}
		{AF5AD540-1061-434F-BCBA-6578798BFC19} = {8AEA69E8-9CA8-4DB6-8F91-94D3ABB415B5}
	EndGlobalSection
EndGlobal
